
Microsoft Visual Studio Solution File, Format Version 12.00
# Visual Studio Version 17
VisualStudioVersion = 17.12.35527.113
MinimumVisualStudioVersion = 10.0.40219.1
Project("{FAE04EC0-301F-11D3-BF4B-00C04F79EFBC}") = "Oriente_Objet", "Oriente_Objet\Oriente_Objet.csproj", "{8EACF5C6-A6EC-432D-BC23-839AFD2787E1}"
EndProject
Project("{2150E333-8FDC-42A3-9474-1A3956D46DE8}") = "Mauritcio", "Mauritcio", "{02EA681E-C7D8-13C7-8484-4AC65E1B71E8}"
EndProject
Project("{2150E333-8FDC-42A3-9474-1A3956D46DE8}") = "Demos", "Demos", "{DF9E9034-C2AC-4BDE-BC4C-2B1E89ACBB0F}"
EndProject
Project("{FAE04EC0-301F-11D3-BF4B-00C04F79EFBC}") = "Demo-NameSpace", "Demo-NameSpace\Demo-NameSpace.csproj", "{9538CB1E-FCA6-4CB5-8EA9-D00D5AAF5EC8}"
EndProject
Project("{FAE04EC0-301F-11D3-BF4B-00C04F79EFBC}") = "Demo-Encapsulation", "Demo-Encapsulation\Demo-Encapsulation.csproj", "{3955FF0A-52E0-4798-A9FB-70095B4FDE9A}"
EndProject
Project("{FAE04EC0-301F-11D3-BF4B-00C04F79EFBC}") = "Demo-Proprietes", "Demo-Proprietes\Demo-Proprietes.csproj", "{60504576-6D65-45C0-857B-B17C287543EB}"
EndProject
Project("{2150E333-8FDC-42A3-9474-1A3956D46DE8}") = "Exos-Slides", "Exos-Slides", "{27235F46-EC31-4E7F-9E49-4DD0814EE7A7}"
EndProject
Project("{FAE04EC0-301F-11D3-BF4B-00C04F79EFBC}") = "Exo-Banque", "Exo-Banque\Exo-Banque.csproj", "{6EED181F-E7EF-4F9B-BF0E-16D5A8EAAC48}"
EndProject
Project("{FAE04EC0-301F-11D3-BF4B-00C04F79EFBC}") = "Demo-Indexeur", "Demo-Indexeur\Demo-Indexeur.csproj", "{CF7B4774-94EF-412D-AB4F-BC49D6186C6A}"
EndProject
Project("{FAE04EC0-301F-11D3-BF4B-00C04F79EFBC}") = "Demo-Operateurs", "Demo-Operateurs\Demo-Operateurs.csproj", "{1CDA8186-73A0-4FBE-BB9C-4B474FDD8C3D}"
EndProject
Project("{FAE04EC0-301F-11D3-BF4B-00C04F79EFBC}") = "GestionBanqueConstructeur", "GestionBanqueConstructeur\GestionBanqueConstructeur.csproj", "{F1AF7B64-2D54-C06B-1107-A28DB5C160CF}"
EndProject
Project("{FAE04EC0-301F-11D3-BF4B-00C04F79EFBC}") = "GestionBanqueInterface", "GestionBanqueInterface\GestionBanqueInterface.csproj", "{963297CD-3695-516C-BF77-191BC057D361}"
EndProject
Project("{FAE04EC0-301F-11D3-BF4B-00C04F79EFBC}") = "Demo-Exceptions", "Demo-Exceptions\Demo-Exceptions.csproj", "{23CD7FDF-2DE3-47AF-937B-F93D7AD027F4}"
EndProject
Project("{FAE04EC0-301F-11D3-BF4B-00C04F79EFBC}") = "GestionBanqueException", "GestionBanqueException\GestionBanqueException.csproj", "{8132B7D7-D3DA-4140-8C45-3C744BCFF394}"
EndProject
Project("{FAE04EC0-301F-11D3-BF4B-00C04F79EFBC}") = "Demo-Delegate01", "Demo-Delegate01\Demo-Delegate01.csproj", "{B4DFA0F4-F1EE-4A3B-964B-84E0A09D745B}"
EndProject
Project("{FAE04EC0-301F-11D3-BF4B-00C04F79EFBC}") = "Demo-DelegateParam", "Demo-DelegateParam\Demo-DelegateParam.csproj", "{26254664-7CEA-426E-8781-A38FF4AE75D3}"
EndProject
Project("{FAE04EC0-301F-11D3-BF4B-00C04F79EFBC}") = "Demo-DelegateReturn", "Demo-DelegateReturn\Demo-DelegateReturn.csproj", "{27A31133-F174-411C-AC0C-5BDC04885661}"
EndProject
Global
	GlobalSection(SolutionConfigurationPlatforms) = preSolution
		Debug|Any CPU = Debug|Any CPU
		Release|Any CPU = Release|Any CPU
	EndGlobalSection
	GlobalSection(ProjectConfigurationPlatforms) = postSolution
		{8EACF5C6-A6EC-432D-BC23-839AFD2787E1}.Debug|Any CPU.ActiveCfg = Debug|Any CPU
		{8EACF5C6-A6EC-432D-BC23-839AFD2787E1}.Debug|Any CPU.Build.0 = Debug|Any CPU
		{8EACF5C6-A6EC-432D-BC23-839AFD2787E1}.Release|Any CPU.ActiveCfg = Release|Any CPU
		{8EACF5C6-A6EC-432D-BC23-839AFD2787E1}.Release|Any CPU.Build.0 = Release|Any CPU
		{9538CB1E-FCA6-4CB5-8EA9-D00D5AAF5EC8}.Debug|Any CPU.ActiveCfg = Debug|Any CPU
		{9538CB1E-FCA6-4CB5-8EA9-D00D5AAF5EC8}.Debug|Any CPU.Build.0 = Debug|Any CPU
		{9538CB1E-FCA6-4CB5-8EA9-D00D5AAF5EC8}.Release|Any CPU.ActiveCfg = Release|Any CPU
		{9538CB1E-FCA6-4CB5-8EA9-D00D5AAF5EC8}.Release|Any CPU.Build.0 = Release|Any CPU
		{3955FF0A-52E0-4798-A9FB-70095B4FDE9A}.Debug|Any CPU.ActiveCfg = Debug|Any CPU
		{3955FF0A-52E0-4798-A9FB-70095B4FDE9A}.Debug|Any CPU.Build.0 = Debug|Any CPU
		{3955FF0A-52E0-4798-A9FB-70095B4FDE9A}.Release|Any CPU.ActiveCfg = Release|Any CPU
		{3955FF0A-52E0-4798-A9FB-70095B4FDE9A}.Release|Any CPU.Build.0 = Release|Any CPU
		{60504576-6D65-45C0-857B-B17C287543EB}.Debug|Any CPU.ActiveCfg = Debug|Any CPU
		{60504576-6D65-45C0-857B-B17C287543EB}.Debug|Any CPU.Build.0 = Debug|Any CPU
		{60504576-6D65-45C0-857B-B17C287543EB}.Release|Any CPU.ActiveCfg = Release|Any CPU
		{60504576-6D65-45C0-857B-B17C287543EB}.Release|Any CPU.Build.0 = Release|Any CPU
		{6EED181F-E7EF-4F9B-BF0E-16D5A8EAAC48}.Debug|Any CPU.ActiveCfg = Debug|Any CPU
		{6EED181F-E7EF-4F9B-BF0E-16D5A8EAAC48}.Debug|Any CPU.Build.0 = Debug|Any CPU
		{6EED181F-E7EF-4F9B-BF0E-16D5A8EAAC48}.Release|Any CPU.ActiveCfg = Release|Any CPU
		{6EED181F-E7EF-4F9B-BF0E-16D5A8EAAC48}.Release|Any CPU.Build.0 = Release|Any CPU
		{CF7B4774-94EF-412D-AB4F-BC49D6186C6A}.Debug|Any CPU.ActiveCfg = Debug|Any CPU
		{CF7B4774-94EF-412D-AB4F-BC49D6186C6A}.Debug|Any CPU.Build.0 = Debug|Any CPU
		{CF7B4774-94EF-412D-AB4F-BC49D6186C6A}.Release|Any CPU.ActiveCfg = Release|Any CPU
		{CF7B4774-94EF-412D-AB4F-BC49D6186C6A}.Release|Any CPU.Build.0 = Release|Any CPU
		{1CDA8186-73A0-4FBE-BB9C-4B474FDD8C3D}.Debug|Any CPU.ActiveCfg = Debug|Any CPU
		{1CDA8186-73A0-4FBE-BB9C-4B474FDD8C3D}.Debug|Any CPU.Build.0 = Debug|Any CPU
		{1CDA8186-73A0-4FBE-BB9C-4B474FDD8C3D}.Release|Any CPU.ActiveCfg = Release|Any CPU
		{1CDA8186-73A0-4FBE-BB9C-4B474FDD8C3D}.Release|Any CPU.Build.0 = Release|Any CPU
		{F1AF7B64-2D54-C06B-1107-A28DB5C160CF}.Debug|Any CPU.ActiveCfg = Debug|Any CPU
		{F1AF7B64-2D54-C06B-1107-A28DB5C160CF}.Debug|Any CPU.Build.0 = Debug|Any CPU
		{F1AF7B64-2D54-C06B-1107-A28DB5C160CF}.Release|Any CPU.ActiveCfg = Release|Any CPU
		{F1AF7B64-2D54-C06B-1107-A28DB5C160CF}.Release|Any CPU.Build.0 = Release|Any CPU
		{963297CD-3695-516C-BF77-191BC057D361}.Debug|Any CPU.ActiveCfg = Debug|Any CPU
		{963297CD-3695-516C-BF77-191BC057D361}.Debug|Any CPU.Build.0 = Debug|Any CPU
		{963297CD-3695-516C-BF77-191BC057D361}.Release|Any CPU.ActiveCfg = Release|Any CPU
		{963297CD-3695-516C-BF77-191BC057D361}.Release|Any CPU.Build.0 = Release|Any CPU
		{23CD7FDF-2DE3-47AF-937B-F93D7AD027F4}.Debug|Any CPU.ActiveCfg = Debug|Any CPU
		{23CD7FDF-2DE3-47AF-937B-F93D7AD027F4}.Debug|Any CPU.Build.0 = Debug|Any CPU
		{23CD7FDF-2DE3-47AF-937B-F93D7AD027F4}.Release|Any CPU.ActiveCfg = Release|Any CPU
		{23CD7FDF-2DE3-47AF-937B-F93D7AD027F4}.Release|Any CPU.Build.0 = Release|Any CPU
		{8132B7D7-D3DA-4140-8C45-3C744BCFF394}.Debug|Any CPU.ActiveCfg = Debug|Any CPU
		{8132B7D7-D3DA-4140-8C45-3C744BCFF394}.Debug|Any CPU.Build.0 = Debug|Any CPU
		{8132B7D7-D3DA-4140-8C45-3C744BCFF394}.Release|Any CPU.ActiveCfg = Release|Any CPU
		{8132B7D7-D3DA-4140-8C45-3C744BCFF394}.Release|Any CPU.Build.0 = Release|Any CPU
		{B4DFA0F4-F1EE-4A3B-964B-84E0A09D745B}.Debug|Any CPU.ActiveCfg = Debug|Any CPU
		{B4DFA0F4-F1EE-4A3B-964B-84E0A09D745B}.Debug|Any CPU.Build.0 = Debug|Any CPU
		{B4DFA0F4-F1EE-4A3B-964B-84E0A09D745B}.Release|Any CPU.ActiveCfg = Release|Any CPU
		{B4DFA0F4-F1EE-4A3B-964B-84E0A09D745B}.Release|Any CPU.Build.0 = Release|Any CPU
		{26254664-7CEA-426E-8781-A38FF4AE75D3}.Debug|Any CPU.ActiveCfg = Debug|Any CPU
		{26254664-7CEA-426E-8781-A38FF4AE75D3}.Debug|Any CPU.Build.0 = Debug|Any CPU
		{26254664-7CEA-426E-8781-A38FF4AE75D3}.Release|Any CPU.ActiveCfg = Release|Any CPU
		{26254664-7CEA-426E-8781-A38FF4AE75D3}.Release|Any CPU.Build.0 = Release|Any CPU
		{27A31133-F174-411C-AC0C-5BDC04885661}.Debug|Any CPU.ActiveCfg = Debug|Any CPU
		{27A31133-F174-411C-AC0C-5BDC04885661}.Debug|Any CPU.Build.0 = Debug|Any CPU
		{27A31133-F174-411C-AC0C-5BDC04885661}.Release|Any CPU.ActiveCfg = Release|Any CPU
		{27A31133-F174-411C-AC0C-5BDC04885661}.Release|Any CPU.Build.0 = Release|Any CPU
	EndGlobalSection
	GlobalSection(SolutionProperties) = preSolution
		HideSolutionNode = FALSE
	EndGlobalSection
	GlobalSection(NestedProjects) = preSolution
		{8EACF5C6-A6EC-432D-BC23-839AFD2787E1} = {02EA681E-C7D8-13C7-8484-4AC65E1B71E8}
		{9538CB1E-FCA6-4CB5-8EA9-D00D5AAF5EC8} = {DF9E9034-C2AC-4BDE-BC4C-2B1E89ACBB0F}
		{3955FF0A-52E0-4798-A9FB-70095B4FDE9A} = {DF9E9034-C2AC-4BDE-BC4C-2B1E89ACBB0F}
		{60504576-6D65-45C0-857B-B17C287543EB} = {DF9E9034-C2AC-4BDE-BC4C-2B1E89ACBB0F}
		{6EED181F-E7EF-4F9B-BF0E-16D5A8EAAC48} = {27235F46-EC31-4E7F-9E49-4DD0814EE7A7}
		{CF7B4774-94EF-412D-AB4F-BC49D6186C6A} = {DF9E9034-C2AC-4BDE-BC4C-2B1E89ACBB0F}
		{1CDA8186-73A0-4FBE-BB9C-4B474FDD8C3D} = {DF9E9034-C2AC-4BDE-BC4C-2B1E89ACBB0F}
		{F1AF7B64-2D54-C06B-1107-A28DB5C160CF} = {27235F46-EC31-4E7F-9E49-4DD0814EE7A7}
		{963297CD-3695-516C-BF77-191BC057D361} = {27235F46-EC31-4E7F-9E49-4DD0814EE7A7}
		{23CD7FDF-2DE3-47AF-937B-F93D7AD027F4} = {DF9E9034-C2AC-4BDE-BC4C-2B1E89ACBB0F}
		{8132B7D7-D3DA-4140-8C45-3C744BCFF394} = {27235F46-EC31-4E7F-9E49-4DD0814EE7A7}
		{B4DFA0F4-F1EE-4A3B-964B-84E0A09D745B} = {DF9E9034-C2AC-4BDE-BC4C-2B1E89ACBB0F}
		{26254664-7CEA-426E-8781-A38FF4AE75D3} = {DF9E9034-C2AC-4BDE-BC4C-2B1E89ACBB0F}
		{27A31133-F174-411C-AC0C-5BDC04885661} = {DF9E9034-C2AC-4BDE-BC4C-2B1E89ACBB0F}
	EndGlobalSection
	GlobalSection(ExtensibilityGlobals) = postSolution
		SolutionGuid = {5189836E-C4A6-4937-BA63-D19E198E4A75}
	EndGlobalSection
EndGlobal
